
Microsoft Visual Studio Solution File, Format Version 12.00
# Visual Studio Version 16
VisualStudioVersion = 16.0.30621.155
MinimumVisualStudioVersion = 10.0.40219.1
Project("{FAE04EC0-301F-11D3-BF4B-00C04F79EFBC}") = "TCK_Off_Fac", "TCK_Off_Fac\TCK_Off_Fac.csproj", "{22B5E5C9-13CC-497D-B685-505F93AE815B}"
EndProject
Global
	GlobalSection(SolutionConfigurationPlatforms) = preSolution
		Debug|Any CPU = Debug|Any CPU
		Release|Any CPU = Release|Any CPU
	EndGlobalSection
	GlobalSection(ProjectConfigurationPlatforms) = postSolution
		{22B5E5C9-13CC-497D-B685-505F93AE815B}.Debug|Any CPU.ActiveCfg = Debug|Any CPU
		{22B5E5C9-13CC-497D-B685-505F93AE815B}.Debug|Any CPU.Build.0 = Debug|Any CPU
		{22B5E5C9-13CC-497D-B685-505F93AE815B}.Release|Any CPU.ActiveCfg = Release|Any CPU
		{22B5E5C9-13CC-497D-B685-505F93AE815B}.Release|Any CPU.Build.0 = Release|Any CPU
	EndGlobalSection
	GlobalSection(SolutionProperties) = preSolution
		HideSolutionNode = FALSE
	EndGlobalSection
	GlobalSection(ExtensibilityGlobals) = postSolution
		SolutionGuid = {CC077448-CEF4-4BCC-948C-95F975156450}
	EndGlobalSection
EndGlobal
